// !$*UTF8*$!
{
	archiveVersion = 1;
	classes = {
	};
	objectVersion = 55;
	objects = {

/* Begin PBXBuildFile section */
		040AC7DB27ECF4CC0074A6CA /* AppDelegate.swift in Sources */ = {isa = PBXBuildFile; fileRef = 040AC7DA27ECF4CC0074A6CA /* AppDelegate.swift */; };
		040AC7DD27ECF4CC0074A6CA /* SceneDelegate.swift in Sources */ = {isa = PBXBuildFile; fileRef = 040AC7DC27ECF4CC0074A6CA /* SceneDelegate.swift */; };
		040AC7E227ECF4CC0074A6CA /* Main.storyboard in Resources */ = {isa = PBXBuildFile; fileRef = 040AC7E027ECF4CC0074A6CA /* Main.storyboard */; };
		040AC7E427ECF4D40074A6CA /* Assets.xcassets in Resources */ = {isa = PBXBuildFile; fileRef = 040AC7E327ECF4D40074A6CA /* Assets.xcassets */; };
		040AC7E727ECF4D40074A6CA /* LaunchScreen.storyboard in Resources */ = {isa = PBXBuildFile; fileRef = 040AC7E527ECF4D40074A6CA /* LaunchScreen.storyboard */; };
		040AC7F127ECF62F0074A6CA /* DewaLocationsVC.swift in Sources */ = {isa = PBXBuildFile; fileRef = 040AC7F027ECF62F0074A6CA /* DewaLocationsVC.swift */; };
		040AC7F327ECF64B0074A6CA /* CustomerServiceLocationsVC.swift in Sources */ = {isa = PBXBuildFile; fileRef = 040AC7F227ECF64B0074A6CA /* CustomerServiceLocationsVC.swift */; };
		040AC80027ECF9840074A6CA /* CustomerServiceViewModel.swift in Sources */ = {isa = PBXBuildFile; fileRef = 040AC7FF27ECF9840074A6CA /* CustomerServiceViewModel.swift */; };
		040AC80227ECFA090074A6CA /* CustomerServiceWebService.swift in Sources */ = {isa = PBXBuildFile; fileRef = 040AC80127ECFA090074A6CA /* CustomerServiceWebService.swift */; };
		040AC80827ECFA920074A6CA /* CustomerServiceModel.swift in Sources */ = {isa = PBXBuildFile; fileRef = 040AC80727ECFA910074A6CA /* CustomerServiceModel.swift */; };
		040AC80B27ED85A20074A6CA /* AEXML in Frameworks */ = {isa = PBXBuildFile; productRef = 040AC80A27ED85A20074A6CA /* AEXML */; };
		040AC80D27EDB6DB0074A6CA /* NetWorkService.swift in Sources */ = {isa = PBXBuildFile; fileRef = 040AC80C27EDB6DB0074A6CA /* NetWorkService.swift */; };
		040AC80F27EDB9180074A6CA /* AppConfiguration.swift in Sources */ = {isa = PBXBuildFile; fileRef = 040AC80E27EDB9180074A6CA /* AppConfiguration.swift */; };
		040AC81827EDD2BD0074A6CA /* DewaLocations.storyboard in Resources */ = {isa = PBXBuildFile; fileRef = 040AC81727EDD2BD0074A6CA /* DewaLocations.storyboard */; };
		040AC81A27EDD2EE0074A6CA /* CustomerServiceLocations.storyboard in Resources */ = {isa = PBXBuildFile; fileRef = 040AC81927EDD2EE0074A6CA /* CustomerServiceLocations.storyboard */; };
		040AC81E27EDEB7F0074A6CA /* CollectionServiceLocationCollectionView.swift in Sources */ = {isa = PBXBuildFile; fileRef = 040AC81D27EDEB7F0074A6CA /* CollectionServiceLocationCollectionView.swift */; };
		040AC82027EDEB970074A6CA /* CustomerServiceLocationView.swift in Sources */ = {isa = PBXBuildFile; fileRef = 040AC81F27EDEB970074A6CA /* CustomerServiceLocationView.swift */; };
		040AC82327EDEE690074A6CA /* Observer.swift in Sources */ = {isa = PBXBuildFile; fileRef = 040AC82227EDEE690074A6CA /* Observer.swift */; };
		040AC82727EDEF060074A6CA /* CustomerServiceLocationCVC.swift in Sources */ = {isa = PBXBuildFile; fileRef = 040AC82527EDEF060074A6CA /* CustomerServiceLocationCVC.swift */; };
		040AC82827EDEF060074A6CA /* CustomerServiceLocationCVC.xib in Resources */ = {isa = PBXBuildFile; fileRef = 040AC82627EDEF060074A6CA /* CustomerServiceLocationCVC.xib */; };
		040AC82B27EDEF3A0074A6CA /* UICollectionViewCell+Extensions.swift in Sources */ = {isa = PBXBuildFile; fileRef = 040AC82A27EDEF3A0074A6CA /* UICollectionViewCell+Extensions.swift */; };
		040AC83127EDFF1D0074A6CA /* SDWebImage in Frameworks */ = {isa = PBXBuildFile; productRef = 040AC83027EDFF1D0074A6CA /* SDWebImage */; };
		040AC83327EDFF1D0074A6CA /* SDWebImageMapKit in Frameworks */ = {isa = PBXBuildFile; productRef = 040AC83227EDFF1D0074A6CA /* SDWebImageMapKit */; };
		040AC83527EE12E60074A6CA /* CLLocationDistance+Extensions.swift in Sources */ = {isa = PBXBuildFile; fileRef = 040AC83427EE12E60074A6CA /* CLLocationDistance+Extensions.swift */; };
		040AC83727EE2C3B0074A6CA /* DewaLocationsView.swift in Sources */ = {isa = PBXBuildFile; fileRef = 040AC83627EE2C3B0074A6CA /* DewaLocationsView.swift */; };
		040AC83927EE2C4E0074A6CA /* DewaLocationsCollectionView.swift in Sources */ = {isa = PBXBuildFile; fileRef = 040AC83827EE2C4E0074A6CA /* DewaLocationsCollectionView.swift */; };
		040AC83D27EE2D5D0074A6CA /* DevaLocationCVC.swift in Sources */ = {isa = PBXBuildFile; fileRef = 040AC83B27EE2D5D0074A6CA /* DevaLocationCVC.swift */; };
		040AC83E27EE2D5D0074A6CA /* DevaLocationCVC.xib in Resources */ = {isa = PBXBuildFile; fileRef = 040AC83C27EE2D5D0074A6CA /* DevaLocationCVC.xib */; };
		040AC84427EE2DDD0074A6CA /* DewaLocationWebService.swift in Sources */ = {isa = PBXBuildFile; fileRef = 040AC84327EE2DDD0074A6CA /* DewaLocationWebService.swift */; };
		040AC84627EE2E370074A6CA /* DewaLocationViewModel.swift in Sources */ = {isa = PBXBuildFile; fileRef = 040AC84527EE2E370074A6CA /* DewaLocationViewModel.swift */; };
		040AC84827EE2EF20074A6CA /* DewaLocationModel.swift in Sources */ = {isa = PBXBuildFile; fileRef = 040AC84727EE2EF20074A6CA /* DewaLocationModel.swift */; };
		040AC84A27EE39BF0074A6CA /* locations.json in Resources */ = {isa = PBXBuildFile; fileRef = 040AC84927EE39BE0074A6CA /* locations.json */; };
		040AC84C27EE40C30074A6CA /* LocationManager.swift in Sources */ = {isa = PBXBuildFile; fileRef = 040AC84B27EE40C30074A6CA /* LocationManager.swift */; };
		040AC85027EE483D0074A6CA /* LocationDetailVC.swift in Sources */ = {isa = PBXBuildFile; fileRef = 040AC84F27EE483D0074A6CA /* LocationDetailVC.swift */; };
		040AC85227EE48500074A6CA /* LocationDetailViewModel.swift in Sources */ = {isa = PBXBuildFile; fileRef = 040AC85127EE48500074A6CA /* LocationDetailViewModel.swift */; };
		040AC85427EE49CA0074A6CA /* LocationDetail.storyboard in Resources */ = {isa = PBXBuildFile; fileRef = 040AC85327EE49CA0074A6CA /* LocationDetail.storyboard */; };
		040AC85627EE4A080074A6CA /* LocationDetailView.swift in Sources */ = {isa = PBXBuildFile; fileRef = 040AC85527EE4A080074A6CA /* LocationDetailView.swift */; };
		040AC85827EE4BB80074A6CA /* UIViewController+Extensions.swift in Sources */ = {isa = PBXBuildFile; fileRef = 040AC85727EE4BB80074A6CA /* UIViewController+Extensions.swift */; };
/* End PBXBuildFile section */

/* Begin PBXFileReference section */
		040AC7D727ECF4CC0074A6CA /* Dewa.app */ = {isa = PBXFileReference; explicitFileType = wrapper.application; includeInIndex = 0; path = Dewa.app; sourceTree = BUILT_PRODUCTS_DIR; };
		040AC7DA27ECF4CC0074A6CA /* AppDelegate.swift */ = {isa = PBXFileReference; lastKnownFileType = sourcecode.swift; path = AppDelegate.swift; sourceTree = "<group>"; };
		040AC7DC27ECF4CC0074A6CA /* SceneDelegate.swift */ = {isa = PBXFileReference; lastKnownFileType = sourcecode.swift; path = SceneDelegate.swift; sourceTree = "<group>"; };
		040AC7E127ECF4CC0074A6CA /* Base */ = {isa = PBXFileReference; lastKnownFileType = file.storyboard; name = Base; path = Base.lproj/Main.storyboard; sourceTree = "<group>"; };
		040AC7E327ECF4D40074A6CA /* Assets.xcassets */ = {isa = PBXFileReference; lastKnownFileType = folder.assetcatalog; path = Assets.xcassets; sourceTree = "<group>"; };
		040AC7E627ECF4D40074A6CA /* Base */ = {isa = PBXFileReference; lastKnownFileType = file.storyboard; name = Base; path = Base.lproj/LaunchScreen.storyboard; sourceTree = "<group>"; };
		040AC7E827ECF4D40074A6CA /* Info.plist */ = {isa = PBXFileReference; lastKnownFileType = text.plist.xml; path = Info.plist; sourceTree = "<group>"; };
		040AC7F027ECF62F0074A6CA /* DewaLocationsVC.swift */ = {isa = PBXFileReference; lastKnownFileType = sourcecode.swift; path = DewaLocationsVC.swift; sourceTree = "<group>"; };
		040AC7F227ECF64B0074A6CA /* CustomerServiceLocationsVC.swift */ = {isa = PBXFileReference; lastKnownFileType = sourcecode.swift; path = CustomerServiceLocationsVC.swift; sourceTree = "<group>"; };
		040AC7FF27ECF9840074A6CA /* CustomerServiceViewModel.swift */ = {isa = PBXFileReference; lastKnownFileType = sourcecode.swift; path = CustomerServiceViewModel.swift; sourceTree = "<group>"; };
		040AC80127ECFA090074A6CA /* CustomerServiceWebService.swift */ = {isa = PBXFileReference; lastKnownFileType = sourcecode.swift; path = CustomerServiceWebService.swift; sourceTree = "<group>"; };
		040AC80727ECFA910074A6CA /* CustomerServiceModel.swift */ = {isa = PBXFileReference; lastKnownFileType = sourcecode.swift; path = CustomerServiceModel.swift; sourceTree = "<group>"; };
		040AC80C27EDB6DB0074A6CA /* NetWorkService.swift */ = {isa = PBXFileReference; lastKnownFileType = sourcecode.swift; path = NetWorkService.swift; sourceTree = "<group>"; };
		040AC80E27EDB9180074A6CA /* AppConfiguration.swift */ = {isa = PBXFileReference; lastKnownFileType = sourcecode.swift; path = AppConfiguration.swift; sourceTree = "<group>"; };
		040AC81727EDD2BD0074A6CA /* DewaLocations.storyboard */ = {isa = PBXFileReference; fileEncoding = 4; lastKnownFileType = file.storyboard; path = DewaLocations.storyboard; sourceTree = "<group>"; };
		040AC81927EDD2EE0074A6CA /* CustomerServiceLocations.storyboard */ = {isa = PBXFileReference; fileEncoding = 4; lastKnownFileType = file.storyboard; path = CustomerServiceLocations.storyboard; sourceTree = "<group>"; };
		040AC81D27EDEB7F0074A6CA /* CollectionServiceLocationCollectionView.swift */ = {isa = PBXFileReference; lastKnownFileType = sourcecode.swift; path = CollectionServiceLocationCollectionView.swift; sourceTree = "<group>"; };
		040AC81F27EDEB970074A6CA /* CustomerServiceLocationView.swift */ = {isa = PBXFileReference; lastKnownFileType = sourcecode.swift; path = CustomerServiceLocationView.swift; sourceTree = "<group>"; };
		040AC82227EDEE690074A6CA /* Observer.swift */ = {isa = PBXFileReference; lastKnownFileType = sourcecode.swift; path = Observer.swift; sourceTree = "<group>"; };
		040AC82527EDEF060074A6CA /* CustomerServiceLocationCVC.swift */ = {isa = PBXFileReference; lastKnownFileType = sourcecode.swift; path = CustomerServiceLocationCVC.swift; sourceTree = "<group>"; };
		040AC82627EDEF060074A6CA /* CustomerServiceLocationCVC.xib */ = {isa = PBXFileReference; lastKnownFileType = file.xib; path = CustomerServiceLocationCVC.xib; sourceTree = "<group>"; };
		040AC82A27EDEF3A0074A6CA /* UICollectionViewCell+Extensions.swift */ = {isa = PBXFileReference; lastKnownFileType = sourcecode.swift; path = "UICollectionViewCell+Extensions.swift"; sourceTree = "<group>"; };
		040AC83427EE12E60074A6CA /* CLLocationDistance+Extensions.swift */ = {isa = PBXFileReference; lastKnownFileType = sourcecode.swift; path = "CLLocationDistance+Extensions.swift"; sourceTree = "<group>"; };
		040AC83627EE2C3B0074A6CA /* DewaLocationsView.swift */ = {isa = PBXFileReference; lastKnownFileType = sourcecode.swift; path = DewaLocationsView.swift; sourceTree = "<group>"; };
		040AC83827EE2C4E0074A6CA /* DewaLocationsCollectionView.swift */ = {isa = PBXFileReference; lastKnownFileType = sourcecode.swift; path = DewaLocationsCollectionView.swift; sourceTree = "<group>"; };
		040AC83B27EE2D5D0074A6CA /* DevaLocationCVC.swift */ = {isa = PBXFileReference; lastKnownFileType = sourcecode.swift; path = DevaLocationCVC.swift; sourceTree = "<group>"; };
		040AC83C27EE2D5D0074A6CA /* DevaLocationCVC.xib */ = {isa = PBXFileReference; lastKnownFileType = file.xib; path = DevaLocationCVC.xib; sourceTree = "<group>"; };
		040AC84327EE2DDD0074A6CA /* DewaLocationWebService.swift */ = {isa = PBXFileReference; lastKnownFileType = sourcecode.swift; path = DewaLocationWebService.swift; sourceTree = "<group>"; };
		040AC84527EE2E370074A6CA /* DewaLocationViewModel.swift */ = {isa = PBXFileReference; lastKnownFileType = sourcecode.swift; path = DewaLocationViewModel.swift; sourceTree = "<group>"; };
		040AC84727EE2EF20074A6CA /* DewaLocationModel.swift */ = {isa = PBXFileReference; lastKnownFileType = sourcecode.swift; path = DewaLocationModel.swift; sourceTree = "<group>"; };
		040AC84927EE39BE0074A6CA /* locations.json */ = {isa = PBXFileReference; fileEncoding = 4; lastKnownFileType = text.json; path = locations.json; sourceTree = SOURCE_ROOT; };
		040AC84B27EE40C30074A6CA /* LocationManager.swift */ = {isa = PBXFileReference; lastKnownFileType = sourcecode.swift; path = LocationManager.swift; sourceTree = "<group>"; };
		040AC84F27EE483D0074A6CA /* LocationDetailVC.swift */ = {isa = PBXFileReference; lastKnownFileType = sourcecode.swift; path = LocationDetailVC.swift; sourceTree = "<group>"; };
		040AC85127EE48500074A6CA /* LocationDetailViewModel.swift */ = {isa = PBXFileReference; lastKnownFileType = sourcecode.swift; path = LocationDetailViewModel.swift; sourceTree = "<group>"; };
		040AC85327EE49CA0074A6CA /* LocationDetail.storyboard */ = {isa = PBXFileReference; lastKnownFileType = file.storyboard; path = LocationDetail.storyboard; sourceTree = "<group>"; };
		040AC85527EE4A080074A6CA /* LocationDetailView.swift */ = {isa = PBXFileReference; lastKnownFileType = sourcecode.swift; path = LocationDetailView.swift; sourceTree = "<group>"; };
		040AC85727EE4BB80074A6CA /* UIViewController+Extensions.swift */ = {isa = PBXFileReference; lastKnownFileType = sourcecode.swift; path = "UIViewController+Extensions.swift"; sourceTree = "<group>"; };
/* End PBXFileReference section */

/* Begin PBXFrameworksBuildPhase section */
		040AC7D427ECF4CC0074A6CA /* Frameworks */ = {
			isa = PBXFrameworksBuildPhase;
			buildActionMask = 2147483647;
			files = (
				040AC83127EDFF1D0074A6CA /* SDWebImage in Frameworks */,
				040AC83327EDFF1D0074A6CA /* SDWebImageMapKit in Frameworks */,
				040AC80B27ED85A20074A6CA /* AEXML in Frameworks */,
			);
			runOnlyForDeploymentPostprocessing = 0;
		};
/* End PBXFrameworksBuildPhase section */

/* Begin PBXGroup section */
		040AC7CE27ECF4CC0074A6CA = {
			isa = PBXGroup;
			children = (
				040AC7D927ECF4CC0074A6CA /* Dewa */,
				040AC7D827ECF4CC0074A6CA /* Products */,
			);
			sourceTree = "<group>";
		};
		040AC7D827ECF4CC0074A6CA /* Products */ = {
			isa = PBXGroup;
			children = (
				040AC7D727ECF4CC0074A6CA /* Dewa.app */,
			);
			name = Products;
			sourceTree = "<group>";
		};
		040AC7D927ECF4CC0074A6CA /* Dewa */ = {
			isa = PBXGroup;
			children = (
				040AC7FE27ECF8B60074A6CA /* Application */,
				040AC84D27EE480F0074A6CA /* Modules */,
				040AC82127EDEE4D0074A6CA /* Common */,
				040AC82927EDEF170074A6CA /* Extensions */,
				040AC7E027ECF4CC0074A6CA /* Main.storyboard */,
				040AC7E327ECF4D40074A6CA /* Assets.xcassets */,
				040AC7E527ECF4D40074A6CA /* LaunchScreen.storyboard */,
				040AC7E827ECF4D40074A6CA /* Info.plist */,
				040AC80C27EDB6DB0074A6CA /* NetWorkService.swift */,
				040AC84927EE39BE0074A6CA /* locations.json */,
			);
			path = Dewa;
			sourceTree = "<group>";
		};
		040AC7FC27ECF8950074A6CA /* DewaLocations */ = {
			isa = PBXGroup;
			children = (
				040AC84127EE2DA50074A6CA /* Model */,
				040AC83A27EE2D270074A6CA /* View */,
				040AC84027EE2D9B0074A6CA /* ViewModel */,
				040AC84227EE2DAD0074A6CA /* Network */,
			);
			path = DewaLocations;
			sourceTree = "<group>";
		};
		040AC7FD27ECF8A10074A6CA /* CustomerServiceLocations */ = {
			isa = PBXGroup;
			children = (
				040AC80427ECFA5A0074A6CA /* Model */,
				040AC80527ECFA640074A6CA /* View */,
				040AC80327ECFA4A0074A6CA /* ViewModel */,
				040AC80627ECFA6E0074A6CA /* Network */,
			);
			path = CustomerServiceLocations;
			sourceTree = "<group>";
		};
		040AC7FE27ECF8B60074A6CA /* Application */ = {
			isa = PBXGroup;
			children = (
				040AC7DA27ECF4CC0074A6CA /* AppDelegate.swift */,
				040AC7DC27ECF4CC0074A6CA /* SceneDelegate.swift */,
				040AC80E27EDB9180074A6CA /* AppConfiguration.swift */,
			);
			path = Application;
			sourceTree = "<group>";
		};
		040AC80327ECFA4A0074A6CA /* ViewModel */ = {
			isa = PBXGroup;
			children = (
				040AC7FF27ECF9840074A6CA /* CustomerServiceViewModel.swift */,
			);
			path = ViewModel;
			sourceTree = "<group>";
		};
		040AC80427ECFA5A0074A6CA /* Model */ = {
			isa = PBXGroup;
			children = (
				040AC80727ECFA910074A6CA /* CustomerServiceModel.swift */,
			);
			path = Model;
			sourceTree = "<group>";
		};
		040AC80527ECFA640074A6CA /* View */ = {
			isa = PBXGroup;
			children = (
				040AC81927EDD2EE0074A6CA /* CustomerServiceLocations.storyboard */,
				040AC7F227ECF64B0074A6CA /* CustomerServiceLocationsVC.swift */,
				040AC81F27EDEB970074A6CA /* CustomerServiceLocationView.swift */,
				040AC81D27EDEB7F0074A6CA /* CollectionServiceLocationCollectionView.swift */,
				040AC82427EDEECD0074A6CA /* CollectionViewCells */,
			);
			path = View;
			sourceTree = "<group>";
		};
		040AC80627ECFA6E0074A6CA /* Network */ = {
			isa = PBXGroup;
			children = (
				040AC80127ECFA090074A6CA /* CustomerServiceWebService.swift */,
			);
			path = Network;
			sourceTree = "<group>";
		};
		040AC82127EDEE4D0074A6CA /* Common */ = {
			isa = PBXGroup;
			children = (
				040AC82227EDEE690074A6CA /* Observer.swift */,
				040AC84B27EE40C30074A6CA /* LocationManager.swift */,
			);
			path = Common;
			sourceTree = "<group>";
		};
		040AC82427EDEECD0074A6CA /* CollectionViewCells */ = {
			isa = PBXGroup;
			children = (
				040AC82527EDEF060074A6CA /* CustomerServiceLocationCVC.swift */,
				040AC82627EDEF060074A6CA /* CustomerServiceLocationCVC.xib */,
			);
			path = CollectionViewCells;
			sourceTree = "<group>";
		};
		040AC82927EDEF170074A6CA /* Extensions */ = {
			isa = PBXGroup;
			children = (
				040AC82A27EDEF3A0074A6CA /* UICollectionViewCell+Extensions.swift */,
				040AC83427EE12E60074A6CA /* CLLocationDistance+Extensions.swift */,
				040AC85727EE4BB80074A6CA /* UIViewController+Extensions.swift */,
			);
			path = Extensions;
			sourceTree = "<group>";
		};
		040AC83A27EE2D270074A6CA /* View */ = {
			isa = PBXGroup;
			children = (
				040AC81727EDD2BD0074A6CA /* DewaLocations.storyboard */,
				040AC7F027ECF62F0074A6CA /* DewaLocationsVC.swift */,
				040AC83627EE2C3B0074A6CA /* DewaLocationsView.swift */,
				040AC83827EE2C4E0074A6CA /* DewaLocationsCollectionView.swift */,
				040AC83F27EE2D640074A6CA /* CollectionViewCells */,
			);
			path = View;
			sourceTree = "<group>";
		};
		040AC83F27EE2D640074A6CA /* CollectionViewCells */ = {
			isa = PBXGroup;
			children = (
				040AC83B27EE2D5D0074A6CA /* DevaLocationCVC.swift */,
				040AC83C27EE2D5D0074A6CA /* DevaLocationCVC.xib */,
			);
			path = CollectionViewCells;
			sourceTree = "<group>";
		};
		040AC84027EE2D9B0074A6CA /* ViewModel */ = {
			isa = PBXGroup;
			children = (
				040AC84527EE2E370074A6CA /* DewaLocationViewModel.swift */,
			);
			path = ViewModel;
			sourceTree = "<group>";
		};
		040AC84127EE2DA50074A6CA /* Model */ = {
			isa = PBXGroup;
			children = (
				040AC84727EE2EF20074A6CA /* DewaLocationModel.swift */,
			);
			path = Model;
			sourceTree = "<group>";
		};
		040AC84227EE2DAD0074A6CA /* Network */ = {
			isa = PBXGroup;
			children = (
				040AC84327EE2DDD0074A6CA /* DewaLocationWebService.swift */,
			);
			path = Network;
			sourceTree = "<group>";
		};
		040AC84D27EE480F0074A6CA /* Modules */ = {
			isa = PBXGroup;
			children = (
				040AC7FD27ECF8A10074A6CA /* CustomerServiceLocations */,
				040AC7FC27ECF8950074A6CA /* DewaLocations */,
				040AC84E27EE481B0074A6CA /* LocationDetail */,
			);
			path = Modules;
			sourceTree = "<group>";
		};
		040AC84E27EE481B0074A6CA /* LocationDetail */ = {
			isa = PBXGroup;
			children = (
				040AC84F27EE483D0074A6CA /* LocationDetailVC.swift */,
				040AC85527EE4A080074A6CA /* LocationDetailView.swift */,
				040AC85127EE48500074A6CA /* LocationDetailViewModel.swift */,
				040AC85327EE49CA0074A6CA /* LocationDetail.storyboard */,
			);
			path = LocationDetail;
			sourceTree = "<group>";
		};
/* End PBXGroup section */

/* Begin PBXNativeTarget section */
		040AC7D627ECF4CC0074A6CA /* Dewa */ = {
			isa = PBXNativeTarget;
			buildConfigurationList = 040AC7EB27ECF4D40074A6CA /* Build configuration list for PBXNativeTarget "Dewa" */;
			buildPhases = (
				040AC7D327ECF4CC0074A6CA /* Sources */,
				040AC7D427ECF4CC0074A6CA /* Frameworks */,
				040AC7D527ECF4CC0074A6CA /* Resources */,
			);
			buildRules = (
			);
			dependencies = (
			);
			name = Dewa;
			packageProductDependencies = (
				040AC80A27ED85A20074A6CA /* AEXML */,
				040AC83027EDFF1D0074A6CA /* SDWebImage */,
				040AC83227EDFF1D0074A6CA /* SDWebImageMapKit */,
			);
			productName = Dewa;
			productReference = 040AC7D727ECF4CC0074A6CA /* Dewa.app */;
			productType = "com.apple.product-type.application";
		};
/* End PBXNativeTarget section */

/* Begin PBXProject section */
		040AC7CF27ECF4CC0074A6CA /* Project object */ = {
			isa = PBXProject;
			attributes = {
				BuildIndependentTargetsInParallel = 1;
				LastSwiftUpdateCheck = 1320;
				LastUpgradeCheck = 1320;
				TargetAttributes = {
					040AC7D627ECF4CC0074A6CA = {
						CreatedOnToolsVersion = 13.2.1;
					};
				};
			};
			buildConfigurationList = 040AC7D227ECF4CC0074A6CA /* Build configuration list for PBXProject "Dewa" */;
			compatibilityVersion = "Xcode 13.0";
			developmentRegion = en;
			hasScannedForEncodings = 0;
			knownRegions = (
				en,
				Base,
			);
			mainGroup = 040AC7CE27ECF4CC0074A6CA;
			packageReferences = (
				040AC80927ED85A20074A6CA /* XCRemoteSwiftPackageReference "AEXML" */,
				040AC82F27EDFF1D0074A6CA /* XCRemoteSwiftPackageReference "SDWebImage" */,
			);
			productRefGroup = 040AC7D827ECF4CC0074A6CA /* Products */;
			projectDirPath = "";
			projectRoot = "";
			targets = (
				040AC7D627ECF4CC0074A6CA /* Dewa */,
			);
		};
/* End PBXProject section */

/* Begin PBXResourcesBuildPhase section */
		040AC7D527ECF4CC0074A6CA /* Resources */ = {
			isa = PBXResourcesBuildPhase;
			buildActionMask = 2147483647;
			files = (
				040AC83E27EE2D5D0074A6CA /* DevaLocationCVC.xib in Resources */,
				040AC81A27EDD2EE0074A6CA /* CustomerServiceLocations.storyboard in Resources */,
				040AC85427EE49CA0074A6CA /* LocationDetail.storyboard in Resources */,
				040AC84A27EE39BF0074A6CA /* locations.json in Resources */,
				040AC81827EDD2BD0074A6CA /* DewaLocations.storyboard in Resources */,
				040AC7E727ECF4D40074A6CA /* LaunchScreen.storyboard in Resources */,
				040AC82827EDEF060074A6CA /* CustomerServiceLocationCVC.xib in Resources */,
				040AC7E427ECF4D40074A6CA /* Assets.xcassets in Resources */,
				040AC7E227ECF4CC0074A6CA /* Main.storyboard in Resources */,
			);
			runOnlyForDeploymentPostprocessing = 0;
		};
/* End PBXResourcesBuildPhase section */

/* Begin PBXSourcesBuildPhase section */
		040AC7D327ECF4CC0074A6CA /* Sources */ = {
			isa = PBXSourcesBuildPhase;
			buildActionMask = 2147483647;
			files = (
				040AC82027EDEB970074A6CA /* CustomerServiceLocationView.swift in Sources */,
				040AC82327EDEE690074A6CA /* Observer.swift in Sources */,
				040AC85827EE4BB80074A6CA /* UIViewController+Extensions.swift in Sources */,
				040AC80F27EDB9180074A6CA /* AppConfiguration.swift in Sources */,
				040AC81E27EDEB7F0074A6CA /* CollectionServiceLocationCollectionView.swift in Sources */,
				040AC84427EE2DDD0074A6CA /* DewaLocationWebService.swift in Sources */,
				040AC80227ECFA090074A6CA /* CustomerServiceWebService.swift in Sources */,
				040AC83927EE2C4E0074A6CA /* DewaLocationsCollectionView.swift in Sources */,
				040AC7DB27ECF4CC0074A6CA /* AppDelegate.swift in Sources */,
				040AC80D27EDB6DB0074A6CA /* NetWorkService.swift in Sources */,
				040AC7DD27ECF4CC0074A6CA /* SceneDelegate.swift in Sources */,
				040AC82B27EDEF3A0074A6CA /* UICollectionViewCell+Extensions.swift in Sources */,
				040AC83527EE12E60074A6CA /* CLLocationDistance+Extensions.swift in Sources */,
				040AC83727EE2C3B0074A6CA /* DewaLocationsView.swift in Sources */,
				040AC82727EDEF060074A6CA /* CustomerServiceLocationCVC.swift in Sources */,
				040AC84C27EE40C30074A6CA /* LocationManager.swift in Sources */,
				040AC83D27EE2D5D0074A6CA /* DevaLocationCVC.swift in Sources */,
				040AC85227EE48500074A6CA /* LocationDetailViewModel.swift in Sources */,
				040AC80827ECFA920074A6CA /* CustomerServiceModel.swift in Sources */,
				040AC84627EE2E370074A6CA /* DewaLocationViewModel.swift in Sources */,
				040AC85027EE483D0074A6CA /* LocationDetailVC.swift in Sources */,
				040AC7F327ECF64B0074A6CA /* CustomerServiceLocationsVC.swift in Sources */,
				040AC80027ECF9840074A6CA /* CustomerServiceViewModel.swift in Sources */,
				040AC7F127ECF62F0074A6CA /* DewaLocationsVC.swift in Sources */,
				040AC85627EE4A080074A6CA /* LocationDetailView.swift in Sources */,
				040AC84827EE2EF20074A6CA /* DewaLocationModel.swift in Sources */,
			);
			runOnlyForDeploymentPostprocessing = 0;
		};
/* End PBXSourcesBuildPhase section */

/* Begin PBXVariantGroup section */
		040AC7E027ECF4CC0074A6CA /* Main.storyboard */ = {
			isa = PBXVariantGroup;
			children = (
				040AC7E127ECF4CC0074A6CA /* Base */,
			);
			name = Main.storyboard;
			sourceTree = "<group>";
		};
		040AC7E527ECF4D40074A6CA /* LaunchScreen.storyboard */ = {
			isa = PBXVariantGroup;
			children = (
				040AC7E627ECF4D40074A6CA /* Base */,
			);
			name = LaunchScreen.storyboard;
			sourceTree = "<group>";
		};
/* End PBXVariantGroup section */

/* Begin XCBuildConfiguration section */
		040AC7E927ECF4D40074A6CA /* Debug */ = {
			isa = XCBuildConfiguration;
			buildSettings = {
				ALWAYS_SEARCH_USER_PATHS = NO;
				CLANG_ANALYZER_NONNULL = YES;
				CLANG_ANALYZER_NUMBER_OBJECT_CONVERSION = YES_AGGRESSIVE;
				CLANG_CXX_LANGUAGE_STANDARD = "gnu++17";
				CLANG_CXX_LIBRARY = "libc++";
				CLANG_ENABLE_MODULES = YES;
				CLANG_ENABLE_OBJC_ARC = YES;
				CLANG_ENABLE_OBJC_WEAK = YES;
				CLANG_WARN_BLOCK_CAPTURE_AUTORELEASING = YES;
				CLANG_WARN_BOOL_CONVERSION = YES;
				CLANG_WARN_COMMA = YES;
				CLANG_WARN_CONSTANT_CONVERSION = YES;
				CLANG_WARN_DEPRECATED_OBJC_IMPLEMENTATIONS = YES;
				CLANG_WARN_DIRECT_OBJC_ISA_USAGE = YES_ERROR;
				CLANG_WARN_DOCUMENTATION_COMMENTS = YES;
				CLANG_WARN_EMPTY_BODY = YES;
				CLANG_WARN_ENUM_CONVERSION = YES;
				CLANG_WARN_INFINITE_RECURSION = YES;
				CLANG_WARN_INT_CONVERSION = YES;
				CLANG_WARN_NON_LITERAL_NULL_CONVERSION = YES;
				CLANG_WARN_OBJC_IMPLICIT_RETAIN_SELF = YES;
				CLANG_WARN_OBJC_LITERAL_CONVERSION = YES;
				CLANG_WARN_OBJC_ROOT_CLASS = YES_ERROR;
				CLANG_WARN_QUOTED_INCLUDE_IN_FRAMEWORK_HEADER = YES;
				CLANG_WARN_RANGE_LOOP_ANALYSIS = YES;
				CLANG_WARN_STRICT_PROTOTYPES = YES;
				CLANG_WARN_SUSPICIOUS_MOVE = YES;
				CLANG_WARN_UNGUARDED_AVAILABILITY = YES_AGGRESSIVE;
				CLANG_WARN_UNREACHABLE_CODE = YES;
				CLANG_WARN__DUPLICATE_METHOD_MATCH = YES;
				COPY_PHASE_STRIP = NO;
				DEBUG_INFORMATION_FORMAT = dwarf;
				ENABLE_STRICT_OBJC_MSGSEND = YES;
				ENABLE_TESTABILITY = YES;
				GCC_C_LANGUAGE_STANDARD = gnu11;
				GCC_DYNAMIC_NO_PIC = NO;
				GCC_NO_COMMON_BLOCKS = YES;
				GCC_OPTIMIZATION_LEVEL = 0;
				GCC_PREPROCESSOR_DEFINITIONS = (
					"DEBUG=1",
					"$(inherited)",
				);
				GCC_WARN_64_TO_32_BIT_CONVERSION = YES;
				GCC_WARN_ABOUT_RETURN_TYPE = YES_ERROR;
				GCC_WARN_UNDECLARED_SELECTOR = YES;
				GCC_WARN_UNINITIALIZED_AUTOS = YES_AGGRESSIVE;
				GCC_WARN_UNUSED_FUNCTION = YES;
				GCC_WARN_UNUSED_VARIABLE = YES;
				IPHONEOS_DEPLOYMENT_TARGET = 15.2;
				MTL_ENABLE_DEBUG_INFO = INCLUDE_SOURCE;
				MTL_FAST_MATH = YES;
				ONLY_ACTIVE_ARCH = YES;
				SDKROOT = iphoneos;
				SWIFT_ACTIVE_COMPILATION_CONDITIONS = DEBUG;
				SWIFT_OPTIMIZATION_LEVEL = "-Onone";
			};
			name = Debug;
		};
		040AC7EA27ECF4D40074A6CA /* Release */ = {
			isa = XCBuildConfiguration;
			buildSettings = {
				ALWAYS_SEARCH_USER_PATHS = NO;
				CLANG_ANALYZER_NONNULL = YES;
				CLANG_ANALYZER_NUMBER_OBJECT_CONVERSION = YES_AGGRESSIVE;
				CLANG_CXX_LANGUAGE_STANDARD = "gnu++17";
				CLANG_CXX_LIBRARY = "libc++";
				CLANG_ENABLE_MODULES = YES;
				CLANG_ENABLE_OBJC_ARC = YES;
				CLANG_ENABLE_OBJC_WEAK = YES;
				CLANG_WARN_BLOCK_CAPTURE_AUTORELEASING = YES;
				CLANG_WARN_BOOL_CONVERSION = YES;
				CLANG_WARN_COMMA = YES;
				CLANG_WARN_CONSTANT_CONVERSION = YES;
				CLANG_WARN_DEPRECATED_OBJC_IMPLEMENTATIONS = YES;
				CLANG_WARN_DIRECT_OBJC_ISA_USAGE = YES_ERROR;
				CLANG_WARN_DOCUMENTATION_COMMENTS = YES;
				CLANG_WARN_EMPTY_BODY = YES;
				CLANG_WARN_ENUM_CONVERSION = YES;
				CLANG_WARN_INFINITE_RECURSION = YES;
				CLANG_WARN_INT_CONVERSION = YES;
				CLANG_WARN_NON_LITERAL_NULL_CONVERSION = YES;
				CLANG_WARN_OBJC_IMPLICIT_RETAIN_SELF = YES;
				CLANG_WARN_OBJC_LITERAL_CONVERSION = YES;
				CLANG_WARN_OBJC_ROOT_CLASS = YES_ERROR;
				CLANG_WARN_QUOTED_INCLUDE_IN_FRAMEWORK_HEADER = YES;
				CLANG_WARN_RANGE_LOOP_ANALYSIS = YES;
				CLANG_WARN_STRICT_PROTOTYPES = YES;
				CLANG_WARN_SUSPICIOUS_MOVE = YES;
				CLANG_WARN_UNGUARDED_AVAILABILITY = YES_AGGRESSIVE;
				CLANG_WARN_UNREACHABLE_CODE = YES;
				CLANG_WARN__DUPLICATE_METHOD_MATCH = YES;
				COPY_PHASE_STRIP = NO;
				DEBUG_INFORMATION_FORMAT = "dwarf-with-dsym";
				ENABLE_NS_ASSERTIONS = NO;
				ENABLE_STRICT_OBJC_MSGSEND = YES;
				GCC_C_LANGUAGE_STANDARD = gnu11;
				GCC_NO_COMMON_BLOCKS = YES;
				GCC_WARN_64_TO_32_BIT_CONVERSION = YES;
				GCC_WARN_ABOUT_RETURN_TYPE = YES_ERROR;
				GCC_WARN_UNDECLARED_SELECTOR = YES;
				GCC_WARN_UNINITIALIZED_AUTOS = YES_AGGRESSIVE;
				GCC_WARN_UNUSED_FUNCTION = YES;
				GCC_WARN_UNUSED_VARIABLE = YES;
				IPHONEOS_DEPLOYMENT_TARGET = 15.2;
				MTL_ENABLE_DEBUG_INFO = NO;
				MTL_FAST_MATH = YES;
				SDKROOT = iphoneos;
				SWIFT_COMPILATION_MODE = wholemodule;
				SWIFT_OPTIMIZATION_LEVEL = "-O";
				VALIDATE_PRODUCT = YES;
			};
			name = Release;
		};
		040AC7EC27ECF4D40074A6CA /* Debug */ = {
			isa = XCBuildConfiguration;
			buildSettings = {
				ASSETCATALOG_COMPILER_APPICON_NAME = AppIcon;
				ASSETCATALOG_COMPILER_GLOBAL_ACCENT_COLOR_NAME = AccentColor;
				CODE_SIGN_STYLE = Automatic;
				CURRENT_PROJECT_VERSION = 1;
				GENERATE_INFOPLIST_FILE = YES;
				INFOPLIST_FILE = Dewa/Info.plist;
				INFOPLIST_KEY_UIApplicationSupportsIndirectInputEvents = YES;
				INFOPLIST_KEY_UILaunchStoryboardName = LaunchScreen;
				INFOPLIST_KEY_UIMainStoryboardFile = Main;
				INFOPLIST_KEY_UISupportedInterfaceOrientations_iPad = "UIInterfaceOrientationPortrait UIInterfaceOrientationPortraitUpsideDown UIInterfaceOrientationLandscapeLeft UIInterfaceOrientationLandscapeRight";
				INFOPLIST_KEY_UISupportedInterfaceOrientations_iPhone = "UIInterfaceOrientationPortrait UIInterfaceOrientationLandscapeLeft UIInterfaceOrientationLandscapeRight";
				LD_RUNPATH_SEARCH_PATHS = (
					"$(inherited)",
					"@executable_path/Frameworks",
				);
				MARKETING_VERSION = 1.0;
				PRODUCT_BUNDLE_IDENTIFIER = Jeslin.Dewa;
				PRODUCT_NAME = "$(TARGET_NAME)";
				SWIFT_EMIT_LOC_STRINGS = YES;
				SWIFT_VERSION = 5.0;
				TARGETED_DEVICE_FAMILY = "1,2";
				customerServiceLocationURL = "https://smartapps.dewa.gov.ae/iphone/Locations/Locations-En.xml";
				dewaLocationURL = "https://smartoffice.dewa.gov.ae/dev/DewaLocations.json";
			};
			name = Debug;
		};
		040AC7ED27ECF4D40074A6CA /* Release */ = {
			isa = XCBuildConfiguration;
			buildSettings = {
				ASSETCATALOG_COMPILER_APPICON_NAME = AppIcon;
				ASSETCATALOG_COMPILER_GLOBAL_ACCENT_COLOR_NAME = AccentColor;
				CODE_SIGN_STYLE = Automatic;
				CURRENT_PROJECT_VERSION = 1;
				GENERATE_INFOPLIST_FILE = YES;
				INFOPLIST_FILE = Dewa/Info.plist;
				INFOPLIST_KEY_UIApplicationSupportsIndirectInputEvents = YES;
				INFOPLIST_KEY_UILaunchStoryboardName = LaunchScreen;
				INFOPLIST_KEY_UIMainStoryboardFile = Main;
				INFOPLIST_KEY_UISupportedInterfaceOrientations_iPad = "UIInterfaceOrientationPortrait UIInterfaceOrientationPortraitUpsideDown UIInterfaceOrientationLandscapeLeft UIInterfaceOrientationLandscapeRight";
				INFOPLIST_KEY_UISupportedInterfaceOrientations_iPhone = "UIInterfaceOrientationPortrait UIInterfaceOrientationLandscapeLeft UIInterfaceOrientationLandscapeRight";
				LD_RUNPATH_SEARCH_PATHS = (
					"$(inherited)",
					"@executable_path/Frameworks",
				);
				MARKETING_VERSION = 1.0;
				PRODUCT_BUNDLE_IDENTIFIER = Jeslin.Dewa;
				PRODUCT_NAME = "$(TARGET_NAME)";
				SWIFT_EMIT_LOC_STRINGS = YES;
				SWIFT_VERSION = 5.0;
				TARGETED_DEVICE_FAMILY = "1,2";
				customerServiceLocationURL = "https://smartapps.dewa.gov.ae/iphone/Locations/Locations-En.xml";
				dewaLocationURL = "https://smartoffice.dewa.gov.ae/dev/DewaLocations.json";
			};
			name = Release;
		};
/* End XCBuildConfiguration section */

/* Begin XCConfigurationList section */
		040AC7D227ECF4CC0074A6CA /* Build configuration list for PBXProject "Dewa" */ = {
			isa = XCConfigurationList;
			buildConfigurations = (
				040AC7E927ECF4D40074A6CA /* Debug */,
				040AC7EA27ECF4D40074A6CA /* Release */,
			);
			defaultConfigurationIsVisible = 0;
			defaultConfigurationName = Release;
		};
		040AC7EB27ECF4D40074A6CA /* Build configuration list for PBXNativeTarget "Dewa" */ = {
			isa = XCConfigurationList;
			buildConfigurations = (
				040AC7EC27ECF4D40074A6CA /* Debug */,
				040AC7ED27ECF4D40074A6CA /* Release */,
			);
			defaultConfigurationIsVisible = 0;
			defaultConfigurationName = Release;
		};
/* End XCConfigurationList section */

/* Begin XCRemoteSwiftPackageReference section */
		040AC80927ED85A20074A6CA /* XCRemoteSwiftPackageReference "AEXML" */ = {
			isa = XCRemoteSwiftPackageReference;
			repositoryURL = "https://github.com/tadija/AEXML.git";
			requirement = {
				branch = master;
				kind = branch;
			};
		};
		040AC82F27EDFF1D0074A6CA /* XCRemoteSwiftPackageReference "SDWebImage" */ = {
			isa = XCRemoteSwiftPackageReference;
			repositoryURL = "https://github.com/SDWebImage/SDWebImage.git";
			requirement = {
				branch = master;
				kind = branch;
			};
		};
/* End XCRemoteSwiftPackageReference section */

/* Begin XCSwiftPackageProductDependency section */
		040AC80A27ED85A20074A6CA /* AEXML */ = {
			isa = XCSwiftPackageProductDependency;
			package = 040AC80927ED85A20074A6CA /* XCRemoteSwiftPackageReference "AEXML" */;
			productName = AEXML;
		};
		040AC83027EDFF1D0074A6CA /* SDWebImage */ = {
			isa = XCSwiftPackageProductDependency;
			package = 040AC82F27EDFF1D0074A6CA /* XCRemoteSwiftPackageReference "SDWebImage" */;
			productName = SDWebImage;
		};
		040AC83227EDFF1D0074A6CA /* SDWebImageMapKit */ = {
			isa = XCSwiftPackageProductDependency;
			package = 040AC82F27EDFF1D0074A6CA /* XCRemoteSwiftPackageReference "SDWebImage" */;
			productName = SDWebImageMapKit;
		};
/* End XCSwiftPackageProductDependency section */
	};
	rootObject = 040AC7CF27ECF4CC0074A6CA /* Project object */;
}
