{
  "object": {
    "pins": [
      {
        "package": "AEXML",
        "repositoryURL": "https://github.com/tadija/AEXML.git",
        "state": {
          "branch": "master",
          "revision": "38f7d00b23ecd891e1ee656fa6aeebd6ba04ecc3",
          "version": null
        }
      }
    ]
  },
  "version": 1
}
